
Microsoft Visual Studio Solution File, Format Version 12.00
# Visual Studio Version 16
VisualStudioVersion = 16.0.32428.217
MinimumVisualStudioVersion = 10.0.40219.1
Project("{FAE04EC0-301F-11D3-BF4B-00C04F79EFBC}") = "Calculadora", "Calculadora.csproj", "{F31EF9AF-7203-4D0A-B839-7A247C4E41D7}"
EndProject
Global
	GlobalSection(SolutionConfigurationPlatforms) = preSolution
		Debug|Any CPU = Debug|Any CPU
		Release|Any CPU = Release|Any CPU
	EndGlobalSection
	GlobalSection(ProjectConfigurationPlatforms) = postSolution
		{F31EF9AF-7203-4D0A-B839-7A247C4E41D7}.Debug|Any CPU.ActiveCfg = Debug|Any CPU
		{F31EF9AF-7203-4D0A-B839-7A247C4E41D7}.Debug|Any CPU.Build.0 = Debug|Any CPU
		{F31EF9AF-7203-4D0A-B839-7A247C4E41D7}.Release|Any CPU.ActiveCfg = Release|Any CPU
		{F31EF9AF-7203-4D0A-B839-7A247C4E41D7}.Release|Any CPU.Build.0 = Release|Any CPU
	EndGlobalSection
	GlobalSection(SolutionProperties) = preSolution
		HideSolutionNode = FALSE
	EndGlobalSection
	GlobalSection(ExtensibilityGlobals) = postSolution
		SolutionGuid = {0F4AA0B5-A2DD-4AFD-8193-08D8C874D80E}
	EndGlobalSection
EndGlobal
